
Microsoft Visual Studio Solution File, Format Version 12.00
# Visual Studio Version 17
VisualStudioVersion = 17.8.34525.116
MinimumVisualStudioVersion = 10.0.40219.1
Project("{FAE04EC0-301F-11D3-BF4B-00C04F79EFBC}") = "Hava", "Hava\Hava.csproj", "{7F3F3BE8-51BB-4D15-B470-963DA25A1B70}"
EndProject
Global
	GlobalSection(SolutionConfigurationPlatforms) = preSolution
		Debug|Any CPU = Debug|Any CPU
		Release|Any CPU = Release|Any CPU
	EndGlobalSection
	GlobalSection(ProjectConfigurationPlatforms) = postSolution
		{7F3F3BE8-51BB-4D15-B470-963DA25A1B70}.Debug|Any CPU.ActiveCfg = Debug|Any CPU
		{7F3F3BE8-51BB-4D15-B470-963DA25A1B70}.Debug|Any CPU.Build.0 = Debug|Any CPU
		{7F3F3BE8-51BB-4D15-B470-963DA25A1B70}.Release|Any CPU.ActiveCfg = Release|Any CPU
		{7F3F3BE8-51BB-4D15-B470-963DA25A1B70}.Release|Any CPU.Build.0 = Release|Any CPU
	EndGlobalSection
	GlobalSection(SolutionProperties) = preSolution
		HideSolutionNode = FALSE
	EndGlobalSection
	GlobalSection(ExtensibilityGlobals) = postSolution
		SolutionGuid = {12F1F0C7-647C-4864-B484-9FE15BA89E8C}
	EndGlobalSection
EndGlobal
